
Microsoft Visual Studio Solution File, Format Version 12.00
# Visual Studio Version 16
VisualStudioVersion = 16.0.30002.166
MinimumVisualStudioVersion = 10.0.40219.1
Project("{FAE04EC0-301F-11D3-BF4B-00C04F79EFBC}") = "OdeToFood", "OdeToFood\OdeToFood.csproj", "{4747735E-7A5E-4EB9-B696-0C2DF8F05E07}"
EndProject
Project("{FAE04EC0-301F-11D3-BF4B-00C04F79EFBC}") = "OdeToFood.Core", "OdeToFood.Core\OdeToFood.Core.csproj", "{311B3D14-59D2-4CFE-95A5-21A72ECE380A}"
EndProject
Project("{FAE04EC0-301F-11D3-BF4B-00C04F79EFBC}") = "OdeToFood.Data", "OdeToFood.Data\OdeToFood.Data.csproj", "{27AEC3F9-5FA6-4C31-8286-3AA482001B95}"
EndProject
Global
	GlobalSection(SolutionConfigurationPlatforms) = preSolution
		Debug|Any CPU = Debug|Any CPU
		Release|Any CPU = Release|Any CPU
	EndGlobalSection
	GlobalSection(ProjectConfigurationPlatforms) = postSolution
		{4747735E-7A5E-4EB9-B696-0C2DF8F05E07}.Debug|Any CPU.ActiveCfg = Debug|Any CPU
		{4747735E-7A5E-4EB9-B696-0C2DF8F05E07}.Debug|Any CPU.Build.0 = Debug|Any CPU
		{4747735E-7A5E-4EB9-B696-0C2DF8F05E07}.Release|Any CPU.ActiveCfg = Release|Any CPU
		{4747735E-7A5E-4EB9-B696-0C2DF8F05E07}.Release|Any CPU.Build.0 = Release|Any CPU
		{311B3D14-59D2-4CFE-95A5-21A72ECE380A}.Debug|Any CPU.ActiveCfg = Debug|Any CPU
		{311B3D14-59D2-4CFE-95A5-21A72ECE380A}.Debug|Any CPU.Build.0 = Debug|Any CPU
		{311B3D14-59D2-4CFE-95A5-21A72ECE380A}.Release|Any CPU.ActiveCfg = Release|Any CPU
		{311B3D14-59D2-4CFE-95A5-21A72ECE380A}.Release|Any CPU.Build.0 = Release|Any CPU
		{27AEC3F9-5FA6-4C31-8286-3AA482001B95}.Debug|Any CPU.ActiveCfg = Debug|Any CPU
		{27AEC3F9-5FA6-4C31-8286-3AA482001B95}.Debug|Any CPU.Build.0 = Debug|Any CPU
		{27AEC3F9-5FA6-4C31-8286-3AA482001B95}.Release|Any CPU.ActiveCfg = Release|Any CPU
		{27AEC3F9-5FA6-4C31-8286-3AA482001B95}.Release|Any CPU.Build.0 = Release|Any CPU
	EndGlobalSection
	GlobalSection(SolutionProperties) = preSolution
		HideSolutionNode = FALSE
	EndGlobalSection
	GlobalSection(ExtensibilityGlobals) = postSolution
		SolutionGuid = {A6C15FC3-4F2D-4D84-8A45-F6DD14C550D3}
	EndGlobalSection
EndGlobal
